
Microsoft Visual Studio Solution File, Format Version 12.00
# Visual Studio Version 16
VisualStudioVersion = 16.0.29509.3
MinimumVisualStudioVersion = 10.0.40219.1
Project("{FAE04EC0-301F-11D3-BF4B-00C04F79EFBC}") = "MarcinKrupnikLab2Zadanie", "MarcinKrupnikLab2Zadanie\MarcinKrupnikLab2Zadanie.csproj", "{1A41EB21-B2EE-4508-9093-CE31D08D22CE}"
EndProject
Project("{FAE04EC0-301F-11D3-BF4B-00C04F79EFBC}") = "XUnitTestProject1", "XUnitTestProject1\XUnitTestProject1.csproj", "{DC89DB8B-72A0-455A-BE5F-37BDC8F35A5E}"
EndProject
Global
	GlobalSection(SolutionConfigurationPlatforms) = preSolution
		Debug|Any CPU = Debug|Any CPU
		Release|Any CPU = Release|Any CPU
	EndGlobalSection
	GlobalSection(ProjectConfigurationPlatforms) = postSolution
		{1A41EB21-B2EE-4508-9093-CE31D08D22CE}.Debug|Any CPU.ActiveCfg = Debug|Any CPU
		{1A41EB21-B2EE-4508-9093-CE31D08D22CE}.Debug|Any CPU.Build.0 = Debug|Any CPU
		{1A41EB21-B2EE-4508-9093-CE31D08D22CE}.Release|Any CPU.ActiveCfg = Release|Any CPU
		{1A41EB21-B2EE-4508-9093-CE31D08D22CE}.Release|Any CPU.Build.0 = Release|Any CPU
		{DC89DB8B-72A0-455A-BE5F-37BDC8F35A5E}.Debug|Any CPU.ActiveCfg = Debug|Any CPU
		{DC89DB8B-72A0-455A-BE5F-37BDC8F35A5E}.Debug|Any CPU.Build.0 = Debug|Any CPU
		{DC89DB8B-72A0-455A-BE5F-37BDC8F35A5E}.Release|Any CPU.ActiveCfg = Release|Any CPU
		{DC89DB8B-72A0-455A-BE5F-37BDC8F35A5E}.Release|Any CPU.Build.0 = Release|Any CPU
	EndGlobalSection
	GlobalSection(SolutionProperties) = preSolution
		HideSolutionNode = FALSE
	EndGlobalSection
	GlobalSection(ExtensibilityGlobals) = postSolution
		SolutionGuid = {B0D5121E-6020-496A-86A6-3AC150A019F2}
	EndGlobalSection
EndGlobal
