
Microsoft Visual Studio Solution File, Format Version 12.00
# Visual Studio Version 16
VisualStudioVersion = 16.0.29509.3
MinimumVisualStudioVersion = 10.0.40219.1
Project("{FAE04EC0-301F-11D3-BF4B-00C04F79EFBC}") = "MarcinKrupnikLab2", "MarcinKrupnikLab2\MarcinKrupnikLab2.csproj", "{9FDBBD51-3232-4589-A787-DA95B05569CC}"
EndProject
Global
	GlobalSection(SolutionConfigurationPlatforms) = preSolution
		Debug|Any CPU = Debug|Any CPU
		Release|Any CPU = Release|Any CPU
	EndGlobalSection
	GlobalSection(ProjectConfigurationPlatforms) = postSolution
		{9FDBBD51-3232-4589-A787-DA95B05569CC}.Debug|Any CPU.ActiveCfg = Debug|Any CPU
		{9FDBBD51-3232-4589-A787-DA95B05569CC}.Debug|Any CPU.Build.0 = Debug|Any CPU
		{9FDBBD51-3232-4589-A787-DA95B05569CC}.Release|Any CPU.ActiveCfg = Release|Any CPU
		{9FDBBD51-3232-4589-A787-DA95B05569CC}.Release|Any CPU.Build.0 = Release|Any CPU
	EndGlobalSection
	GlobalSection(SolutionProperties) = preSolution
		HideSolutionNode = FALSE
	EndGlobalSection
	GlobalSection(ExtensibilityGlobals) = postSolution
		SolutionGuid = {2E0C7C01-1D8A-4CF9-B968-0E843C3AB9B9}
	EndGlobalSection
EndGlobal
