
Microsoft Visual Studio Solution File, Format Version 12.00
# Visual Studio Version 16
VisualStudioVersion = 16.0.29509.3
MinimumVisualStudioVersion = 10.0.40219.1
Project("{FAE04EC0-301F-11D3-BF4B-00C04F79EFBC}") = "MarcinKrupnikLab1Zadanie", "MarcinKrupnikLab1Zadanie\MarcinKrupnikLab1Zadanie.csproj", "{580653AA-D521-41D0-A6D1-59FB58B0E9C7}"
EndProject
Global
	GlobalSection(SolutionConfigurationPlatforms) = preSolution
		Debug|Any CPU = Debug|Any CPU
		Release|Any CPU = Release|Any CPU
	EndGlobalSection
	GlobalSection(ProjectConfigurationPlatforms) = postSolution
		{580653AA-D521-41D0-A6D1-59FB58B0E9C7}.Debug|Any CPU.ActiveCfg = Debug|Any CPU
		{580653AA-D521-41D0-A6D1-59FB58B0E9C7}.Debug|Any CPU.Build.0 = Debug|Any CPU
		{580653AA-D521-41D0-A6D1-59FB58B0E9C7}.Release|Any CPU.ActiveCfg = Release|Any CPU
		{580653AA-D521-41D0-A6D1-59FB58B0E9C7}.Release|Any CPU.Build.0 = Release|Any CPU
	EndGlobalSection
	GlobalSection(SolutionProperties) = preSolution
		HideSolutionNode = FALSE
	EndGlobalSection
	GlobalSection(ExtensibilityGlobals) = postSolution
		SolutionGuid = {2AE6C332-1AE7-4878-9F20-A4636525C460}
	EndGlobalSection
EndGlobal
